
Microsoft Visual Studio Solution File, Format Version 12.00
# Visual Studio Version 17
VisualStudioVersion = 17.0.31919.166
MinimumVisualStudioVersion = 10.0.40219.1
Project("{9A19103F-16F7-4668-BE54-9A1E7A4F7556}") = "CNC", "CNC\CNC.csproj", "{A1BCD9E9-552D-44F8-BD14-8D91C6AB170D}"
EndProject
Global
	GlobalSection(SolutionConfigurationPlatforms) = preSolution
		Debug|Any CPU = Debug|Any CPU
		Release|Any CPU = Release|Any CPU
	EndGlobalSection
	GlobalSection(ProjectConfigurationPlatforms) = postSolution
		{A1BCD9E9-552D-44F8-BD14-8D91C6AB170D}.Debug|Any CPU.ActiveCfg = Debug|Any CPU
		{A1BCD9E9-552D-44F8-BD14-8D91C6AB170D}.Debug|Any CPU.Build.0 = Debug|Any CPU
		{A1BCD9E9-552D-44F8-BD14-8D91C6AB170D}.Release|Any CPU.ActiveCfg = Release|Any CPU
		{A1BCD9E9-552D-44F8-BD14-8D91C6AB170D}.Release|Any CPU.Build.0 = Release|Any CPU
	EndGlobalSection
	GlobalSection(SolutionProperties) = preSolution
		HideSolutionNode = FALSE
	EndGlobalSection
	GlobalSection(ExtensibilityGlobals) = postSolution
		SolutionGuid = {19111C7B-765E-41FD-83D8-852BAAF503DF}
	EndGlobalSection
EndGlobal
